
Microsoft Visual Studio Solution File, Format Version 12.00
# Visual Studio Version 16
VisualStudioVersion = 16.0.31019.35
MinimumVisualStudioVersion = 10.0.40219.1
Project("{9A19103F-16F7-4668-BE54-9A1E7A4F7556}") = "TopSecret", "TopSecret\TopSecret.csproj", "{82935060-CE2F-41B2-87A7-24B92DA9920A}"
EndProject
Global
	GlobalSection(SolutionConfigurationPlatforms) = preSolution
		Debug|Any CPU = Debug|Any CPU
		Release|Any CPU = Release|Any CPU
	EndGlobalSection
	GlobalSection(ProjectConfigurationPlatforms) = postSolution
		{82935060-CE2F-41B2-87A7-24B92DA9920A}.Debug|Any CPU.ActiveCfg = Debug|Any CPU
		{82935060-CE2F-41B2-87A7-24B92DA9920A}.Debug|Any CPU.Build.0 = Debug|Any CPU
		{82935060-CE2F-41B2-87A7-24B92DA9920A}.Release|Any CPU.ActiveCfg = Release|Any CPU
		{82935060-CE2F-41B2-87A7-24B92DA9920A}.Release|Any CPU.Build.0 = Release|Any CPU
	EndGlobalSection
	GlobalSection(SolutionProperties) = preSolution
		HideSolutionNode = FALSE
	EndGlobalSection
	GlobalSection(ExtensibilityGlobals) = postSolution
		SolutionGuid = {9D46FE32-C8E1-42C9-A15B-9BB37FAD98FD}
	EndGlobalSection
EndGlobal
